
Microsoft Visual Studio Solution File, Format Version 12.00
# Visual Studio Version 17
VisualStudioVersion = 17.7.34221.43
MinimumVisualStudioVersion = 10.0.40219.1
Project("{FAE04EC0-301F-11D3-BF4B-00C04F79EFBC}") = "MoveInatorForms", "MoveInatorForms\MoveInatorForms.csproj", "{DBAA8EEA-4985-42E3-860A-6D0F50411973}"
EndProject
Global
	GlobalSection(SolutionConfigurationPlatforms) = preSolution
		Debug|Any CPU = Debug|Any CPU
		Release|Any CPU = Release|Any CPU
	EndGlobalSection
	GlobalSection(ProjectConfigurationPlatforms) = postSolution
		{DBAA8EEA-4985-42E3-860A-6D0F50411973}.Debug|Any CPU.ActiveCfg = Debug|Any CPU
		{DBAA8EEA-4985-42E3-860A-6D0F50411973}.Debug|Any CPU.Build.0 = Debug|Any CPU
		{DBAA8EEA-4985-42E3-860A-6D0F50411973}.Release|Any CPU.ActiveCfg = Release|Any CPU
		{DBAA8EEA-4985-42E3-860A-6D0F50411973}.Release|Any CPU.Build.0 = Release|Any CPU
	EndGlobalSection
	GlobalSection(SolutionProperties) = preSolution
		HideSolutionNode = FALSE
	EndGlobalSection
	GlobalSection(ExtensibilityGlobals) = postSolution
		SolutionGuid = {D33E75FD-C71E-4D7C-B06A-CBEE35C7E8F7}
	EndGlobalSection
EndGlobal
