
Microsoft Visual Studio Solution File, Format Version 12.00
# Visual Studio Version 17
VisualStudioVersion = 17.7.34221.43
MinimumVisualStudioVersion = 10.0.40219.1
Project("{9A19103F-16F7-4668-BE54-9A1E7A4F7556}") = "MoveInatorForms(Deprecated)", "MoveInatorForms\MoveInatorForms(Deprecated).csproj", "{DBAA8EEA-4985-42E3-860A-6D0F50411973}"
EndProject
Project("{2150E333-8FDC-42A3-9474-1A3956D46DE8}") = "Libraries", "Libraries", "{FCFA237C-C5B9-4E6D-9CAB-D39958C98C26}"
EndProject
Project("{9A19103F-16F7-4668-BE54-9A1E7A4F7556}") = "GithubApiLib", "Libraries\GithubApiLib\GithubApiLib.csproj", "{520D6C24-3BFE-44BB-9786-C6D10400FE52}"
EndProject
Project("{9A19103F-16F7-4668-BE54-9A1E7A4F7556}") = "UtilityLib", "Libraries\UtilityLib\UtilityLib.csproj", "{D83C8368-4FB1-4345-B694-680C20CC0DF9}"
EndProject
Project("{9A19103F-16F7-4668-BE54-9A1E7A4F7556}") = "MoveInatorMaui", "MoveInatorMaui\MoveInatorMaui.csproj", "{282EC5B9-A6F9-4C5F-B4CB-5CA39E946D43}"
EndProject
Project("{FAE04EC0-301F-11D3-BF4B-00C04F79EFBC}") = "MoveInatorDomain", "MoveInatorDomain\MoveInatorDomain.csproj", "{69143B76-60A7-48EF-8714-F9F70A60481C}"
EndProject
Global
	GlobalSection(SolutionConfigurationPlatforms) = preSolution
		Debug|Any CPU = Debug|Any CPU
		Release|Any CPU = Release|Any CPU
	EndGlobalSection
	GlobalSection(ProjectConfigurationPlatforms) = postSolution
		{DBAA8EEA-4985-42E3-860A-6D0F50411973}.Debug|Any CPU.ActiveCfg = Debug|Any CPU
		{DBAA8EEA-4985-42E3-860A-6D0F50411973}.Debug|Any CPU.Build.0 = Debug|Any CPU
		{DBAA8EEA-4985-42E3-860A-6D0F50411973}.Release|Any CPU.ActiveCfg = Release|Any CPU
		{DBAA8EEA-4985-42E3-860A-6D0F50411973}.Release|Any CPU.Build.0 = Release|Any CPU
		{520D6C24-3BFE-44BB-9786-C6D10400FE52}.Debug|Any CPU.ActiveCfg = Debug|Any CPU
		{520D6C24-3BFE-44BB-9786-C6D10400FE52}.Debug|Any CPU.Build.0 = Debug|Any CPU
		{520D6C24-3BFE-44BB-9786-C6D10400FE52}.Release|Any CPU.ActiveCfg = Release|Any CPU
		{520D6C24-3BFE-44BB-9786-C6D10400FE52}.Release|Any CPU.Build.0 = Release|Any CPU
		{D83C8368-4FB1-4345-B694-680C20CC0DF9}.Debug|Any CPU.ActiveCfg = Debug|Any CPU
		{D83C8368-4FB1-4345-B694-680C20CC0DF9}.Debug|Any CPU.Build.0 = Debug|Any CPU
		{D83C8368-4FB1-4345-B694-680C20CC0DF9}.Release|Any CPU.ActiveCfg = Release|Any CPU
		{D83C8368-4FB1-4345-B694-680C20CC0DF9}.Release|Any CPU.Build.0 = Release|Any CPU
		{282EC5B9-A6F9-4C5F-B4CB-5CA39E946D43}.Debug|Any CPU.ActiveCfg = Debug|Any CPU
		{282EC5B9-A6F9-4C5F-B4CB-5CA39E946D43}.Debug|Any CPU.Build.0 = Debug|Any CPU
		{282EC5B9-A6F9-4C5F-B4CB-5CA39E946D43}.Debug|Any CPU.Deploy.0 = Debug|Any CPU
		{282EC5B9-A6F9-4C5F-B4CB-5CA39E946D43}.Release|Any CPU.ActiveCfg = Release|Any CPU
		{282EC5B9-A6F9-4C5F-B4CB-5CA39E946D43}.Release|Any CPU.Build.0 = Release|Any CPU
		{282EC5B9-A6F9-4C5F-B4CB-5CA39E946D43}.Release|Any CPU.Deploy.0 = Release|Any CPU
		{69143B76-60A7-48EF-8714-F9F70A60481C}.Debug|Any CPU.ActiveCfg = Debug|Any CPU
		{69143B76-60A7-48EF-8714-F9F70A60481C}.Debug|Any CPU.Build.0 = Debug|Any CPU
		{69143B76-60A7-48EF-8714-F9F70A60481C}.Release|Any CPU.ActiveCfg = Release|Any CPU
		{69143B76-60A7-48EF-8714-F9F70A60481C}.Release|Any CPU.Build.0 = Release|Any CPU
	EndGlobalSection
	GlobalSection(SolutionProperties) = preSolution
		HideSolutionNode = FALSE
	EndGlobalSection
	GlobalSection(NestedProjects) = preSolution
		{520D6C24-3BFE-44BB-9786-C6D10400FE52} = {FCFA237C-C5B9-4E6D-9CAB-D39958C98C26}
		{D83C8368-4FB1-4345-B694-680C20CC0DF9} = {FCFA237C-C5B9-4E6D-9CAB-D39958C98C26}
	EndGlobalSection
	GlobalSection(ExtensibilityGlobals) = postSolution
		SolutionGuid = {D33E75FD-C71E-4D7C-B06A-CBEE35C7E8F7}
	EndGlobalSection
EndGlobal
